
Microsoft Visual Studio Solution File, Format Version 12.00
# Visual Studio Version 16
VisualStudioVersion = 16.0.810.17
MinimumVisualStudioVersion = 10.0.40219.1
Project("{FAE04EC0-301F-11D3-BF4B-00C04F79EFBC}") = "eVoting.Api", "eVoting.Api\eVoting.Api.csproj", "{407A04B8-1EDB-4298-A950-339450E2A2A3}"
EndProject
Project("{FAE04EC0-301F-11D3-BF4B-00C04F79EFBC}") = "eVoting.Domain", "eVoting.Domain\eVoting.Domain.csproj", "{AF61FD36-5D37-4F82-AA8A-BA68C9CF0CBB}"
EndProject
Project("{E53339B2-1760-4266-BCC7-CA923CBCF16C}") = "docker-compose", "docker-compose.dcproj", "{7CB7738C-BA37-4022-9BE6-5E8F7E2350E8}"
EndProject
Project("{FAE04EC0-301F-11D3-BF4B-00C04F79EFBC}") = "eVoting.Infra", "eVoting.Infra\eVoting.Infra.csproj", "{9F309061-5C61-4752-8FB4-451D54366935}"
EndProject
Project("{FAE04EC0-301F-11D3-BF4B-00C04F79EFBC}") = "eVoting.Application", "eVoting.Application\eVoting.Application.csproj", "{9C1EB791-287C-421E-8130-BBB497EE93E2}"
EndProject
Project("{FAE04EC0-301F-11D3-BF4B-00C04F79EFBC}") = "eVoting.Worker", "eVoting.Worker\eVoting.Worker.csproj", "{511191BD-C5F9-4C23-9252-4FCF7C652A77}"
EndProject
Project("{FAE04EC0-301F-11D3-BF4B-00C04F79EFBC}") = "eVoting.Result.Api", "eVoting.Result.Api\eVoting.Result.Api.csproj", "{98322523-ACC0-4049-BFC7-F8D058489321}"
EndProject
Global
	GlobalSection(SolutionConfigurationPlatforms) = preSolution
		Debug|Any CPU = Debug|Any CPU
		Release|Any CPU = Release|Any CPU
	EndGlobalSection
	GlobalSection(ProjectConfigurationPlatforms) = postSolution
		{407A04B8-1EDB-4298-A950-339450E2A2A3}.Debug|Any CPU.ActiveCfg = Debug|Any CPU
		{407A04B8-1EDB-4298-A950-339450E2A2A3}.Debug|Any CPU.Build.0 = Debug|Any CPU
		{407A04B8-1EDB-4298-A950-339450E2A2A3}.Release|Any CPU.ActiveCfg = Release|Any CPU
		{407A04B8-1EDB-4298-A950-339450E2A2A3}.Release|Any CPU.Build.0 = Release|Any CPU
		{AF61FD36-5D37-4F82-AA8A-BA68C9CF0CBB}.Debug|Any CPU.ActiveCfg = Debug|Any CPU
		{AF61FD36-5D37-4F82-AA8A-BA68C9CF0CBB}.Debug|Any CPU.Build.0 = Debug|Any CPU
		{AF61FD36-5D37-4F82-AA8A-BA68C9CF0CBB}.Release|Any CPU.ActiveCfg = Release|Any CPU
		{AF61FD36-5D37-4F82-AA8A-BA68C9CF0CBB}.Release|Any CPU.Build.0 = Release|Any CPU
		{7CB7738C-BA37-4022-9BE6-5E8F7E2350E8}.Debug|Any CPU.ActiveCfg = Debug|Any CPU
		{7CB7738C-BA37-4022-9BE6-5E8F7E2350E8}.Debug|Any CPU.Build.0 = Debug|Any CPU
		{7CB7738C-BA37-4022-9BE6-5E8F7E2350E8}.Release|Any CPU.ActiveCfg = Release|Any CPU
		{7CB7738C-BA37-4022-9BE6-5E8F7E2350E8}.Release|Any CPU.Build.0 = Release|Any CPU
		{9F309061-5C61-4752-8FB4-451D54366935}.Debug|Any CPU.ActiveCfg = Debug|Any CPU
		{9F309061-5C61-4752-8FB4-451D54366935}.Debug|Any CPU.Build.0 = Debug|Any CPU
		{9F309061-5C61-4752-8FB4-451D54366935}.Release|Any CPU.ActiveCfg = Release|Any CPU
		{9F309061-5C61-4752-8FB4-451D54366935}.Release|Any CPU.Build.0 = Release|Any CPU
		{9C1EB791-287C-421E-8130-BBB497EE93E2}.Debug|Any CPU.ActiveCfg = Debug|Any CPU
		{9C1EB791-287C-421E-8130-BBB497EE93E2}.Debug|Any CPU.Build.0 = Debug|Any CPU
		{9C1EB791-287C-421E-8130-BBB497EE93E2}.Release|Any CPU.ActiveCfg = Release|Any CPU
		{9C1EB791-287C-421E-8130-BBB497EE93E2}.Release|Any CPU.Build.0 = Release|Any CPU
		{511191BD-C5F9-4C23-9252-4FCF7C652A77}.Debug|Any CPU.ActiveCfg = Debug|Any CPU
		{511191BD-C5F9-4C23-9252-4FCF7C652A77}.Debug|Any CPU.Build.0 = Debug|Any CPU
		{511191BD-C5F9-4C23-9252-4FCF7C652A77}.Release|Any CPU.ActiveCfg = Release|Any CPU
		{511191BD-C5F9-4C23-9252-4FCF7C652A77}.Release|Any CPU.Build.0 = Release|Any CPU
		{98322523-ACC0-4049-BFC7-F8D058489321}.Debug|Any CPU.ActiveCfg = Debug|Any CPU
		{98322523-ACC0-4049-BFC7-F8D058489321}.Debug|Any CPU.Build.0 = Debug|Any CPU
		{98322523-ACC0-4049-BFC7-F8D058489321}.Release|Any CPU.ActiveCfg = Release|Any CPU
		{98322523-ACC0-4049-BFC7-F8D058489321}.Release|Any CPU.Build.0 = Release|Any CPU
	EndGlobalSection
	GlobalSection(SolutionProperties) = preSolution
		HideSolutionNode = FALSE
	EndGlobalSection
	GlobalSection(ExtensibilityGlobals) = postSolution
		SolutionGuid = {297CBBDB-6E9A-4B33-BFD0-90161BED0246}
	EndGlobalSection
EndGlobal
